
Microsoft Visual Studio Solution File, Format Version 12.00
# Visual Studio Version 17
VisualStudioVersion = 17.5.002.0
MinimumVisualStudioVersion = 10.0.40219.1
Project("{9A19103F-16F7-4668-BE54-9A1E7A4F7556}") = "AlfarBackendChallengeV2", "AlfarBackendChallengeV2.csproj", "{D2CCFE64-9BF5-45A0-9C24-A1AF659673C5}"
EndProject
Global
	GlobalSection(SolutionConfigurationPlatforms) = preSolution
		Debug|Any CPU = Debug|Any CPU
		Release|Any CPU = Release|Any CPU
	EndGlobalSection
	GlobalSection(ProjectConfigurationPlatforms) = postSolution
		{D2CCFE64-9BF5-45A0-9C24-A1AF659673C5}.Debug|Any CPU.ActiveCfg = Debug|Any CPU
		{D2CCFE64-9BF5-45A0-9C24-A1AF659673C5}.Debug|Any CPU.Build.0 = Debug|Any CPU
		{D2CCFE64-9BF5-45A0-9C24-A1AF659673C5}.Release|Any CPU.ActiveCfg = Release|Any CPU
		{D2CCFE64-9BF5-45A0-9C24-A1AF659673C5}.Release|Any CPU.Build.0 = Release|Any CPU
	EndGlobalSection
	GlobalSection(SolutionProperties) = preSolution
		HideSolutionNode = FALSE
	EndGlobalSection
	GlobalSection(ExtensibilityGlobals) = postSolution
		SolutionGuid = {395C6473-5364-4389-8E6F-39CFDB620E8D}
	EndGlobalSection
EndGlobal
